
Microsoft Visual Studio Solution File, Format Version 12.00
# Visual Studio Version 17
VisualStudioVersion = 17.2.32526.322
MinimumVisualStudioVersion = 10.0.40219.1
Project("{FAE04EC0-301F-11D3-BF4B-00C04F79EFBC}") = "App4GitHup", "App4GitHup\App4GitHup.csproj", "{D74E30E4-6B6F-4920-9F60-720EA645EC4E}"
EndProject
Global
	GlobalSection(SolutionConfigurationPlatforms) = preSolution
		Debug|Any CPU = Debug|Any CPU
		Release|Any CPU = Release|Any CPU
	EndGlobalSection
	GlobalSection(ProjectConfigurationPlatforms) = postSolution
		{D74E30E4-6B6F-4920-9F60-720EA645EC4E}.Debug|Any CPU.ActiveCfg = Debug|Any CPU
		{D74E30E4-6B6F-4920-9F60-720EA645EC4E}.Debug|Any CPU.Build.0 = Debug|Any CPU
		{D74E30E4-6B6F-4920-9F60-720EA645EC4E}.Release|Any CPU.ActiveCfg = Release|Any CPU
		{D74E30E4-6B6F-4920-9F60-720EA645EC4E}.Release|Any CPU.Build.0 = Release|Any CPU
	EndGlobalSection
	GlobalSection(SolutionProperties) = preSolution
		HideSolutionNode = FALSE
	EndGlobalSection
	GlobalSection(ExtensibilityGlobals) = postSolution
		SolutionGuid = {427EB11F-372C-4CFF-8031-66E883F6AE33}
	EndGlobalSection
EndGlobal
